
Microsoft Visual Studio Solution File, Format Version 12.00
# Visual Studio Version 17
VisualStudioVersion = 17.7.34031.279
MinimumVisualStudioVersion = 10.0.40219.1
Project("{FAE04EC0-301F-11D3-BF4B-00C04F79EFBC}") = "BankingSystem", "BankingSystem\BankingSystem.csproj", "{00D940C7-E1C3-435E-86CF-ED2E25523548}"
EndProject
Global
	GlobalSection(SolutionConfigurationPlatforms) = preSolution
		Debug|Any CPU = Debug|Any CPU
		Release|Any CPU = Release|Any CPU
	EndGlobalSection
	GlobalSection(ProjectConfigurationPlatforms) = postSolution
		{00D940C7-E1C3-435E-86CF-ED2E25523548}.Debug|Any CPU.ActiveCfg = Debug|Any CPU
		{00D940C7-E1C3-435E-86CF-ED2E25523548}.Debug|Any CPU.Build.0 = Debug|Any CPU
		{00D940C7-E1C3-435E-86CF-ED2E25523548}.Release|Any CPU.ActiveCfg = Release|Any CPU
		{00D940C7-E1C3-435E-86CF-ED2E25523548}.Release|Any CPU.Build.0 = Release|Any CPU
	EndGlobalSection
	GlobalSection(SolutionProperties) = preSolution
		HideSolutionNode = FALSE
	EndGlobalSection
	GlobalSection(ExtensibilityGlobals) = postSolution
		SolutionGuid = {BD16493D-1DA9-40A7-B87A-C1AFD48F3F3F}
	EndGlobalSection
EndGlobal
